
Microsoft Visual Studio Solution File, Format Version 12.00
# Visual Studio 2015
Project("{FAE04EC0-301F-11D3-BF4B-00C04F79EFBC}") = "Genetic", "Genetic.csproj", "{B8CD2B11-E400-DB05-B00D-7BD186171EC3}"
EndProject
Project("{FAE04EC0-301F-11D3-BF4B-00C04F79EFBC}") = "Genetic.Editor", "Genetic.Editor.csproj", "{098611CC-4D9C-3C73-6839-4B573AF0C55D}"
EndProject
Global
	GlobalSection(SolutionConfigurationPlatforms) = preSolution
		Debug|Any CPU = Debug|Any CPU
		Release|Any CPU = Release|Any CPU
	EndGlobalSection
	GlobalSection(ProjectConfigurationPlatforms) = postSolution
		{B8CD2B11-E400-DB05-B00D-7BD186171EC3}.Debug|Any CPU.ActiveCfg = Debug|Any CPU
		{B8CD2B11-E400-DB05-B00D-7BD186171EC3}.Debug|Any CPU.Build.0 = Debug|Any CPU
		{B8CD2B11-E400-DB05-B00D-7BD186171EC3}.Release|Any CPU.ActiveCfg = Release|Any CPU
		{B8CD2B11-E400-DB05-B00D-7BD186171EC3}.Release|Any CPU.Build.0 = Release|Any CPU
		{098611CC-4D9C-3C73-6839-4B573AF0C55D}.Debug|Any CPU.ActiveCfg = Debug|Any CPU
		{098611CC-4D9C-3C73-6839-4B573AF0C55D}.Debug|Any CPU.Build.0 = Debug|Any CPU
		{098611CC-4D9C-3C73-6839-4B573AF0C55D}.Release|Any CPU.ActiveCfg = Release|Any CPU
		{098611CC-4D9C-3C73-6839-4B573AF0C55D}.Release|Any CPU.Build.0 = Release|Any CPU
	EndGlobalSection
	GlobalSection(SolutionProperties) = preSolution
		HideSolutionNode = FALSE
	EndGlobalSection
EndGlobal
